
Microsoft Visual Studio Solution File, Format Version 12.00
# Visual Studio 15
VisualStudioVersion = 15.0.28307.1525
MinimumVisualStudioVersion = 10.0.40219.1
Project("{FAE04EC0-301F-11D3-BF4B-00C04F79EFBC}") = "DAL", "DAL\DAL.csproj", "{B36EE749-9958-4854-A0A0-B371F99EB296}"
EndProject
Project("{FAE04EC0-301F-11D3-BF4B-00C04F79EFBC}") = "BLL", "BLL\BLL.csproj", "{17A10164-9A4D-482F-8DF7-0028DEA2ACA6}"
EndProject
Project("{FAE04EC0-301F-11D3-BF4B-00C04F79EFBC}") = "PL", "PL\PL.csproj", "{31BE527D-7A24-4612-BA70-4EADB88942CC}"
EndProject
Project("{FAE04EC0-301F-11D3-BF4B-00C04F79EFBC}") = "UnitTestProject1", "UnitTestProject1\UnitTestProject1.csproj", "{16372255-41E8-4DC9-ADD3-AC716E7A2DBC}"
EndProject
Global
	GlobalSection(SolutionConfigurationPlatforms) = preSolution
		Debug|Any CPU = Debug|Any CPU
		Release|Any CPU = Release|Any CPU
	EndGlobalSection
	GlobalSection(ProjectConfigurationPlatforms) = postSolution
		{B36EE749-9958-4854-A0A0-B371F99EB296}.Debug|Any CPU.ActiveCfg = Debug|Any CPU
		{B36EE749-9958-4854-A0A0-B371F99EB296}.Debug|Any CPU.Build.0 = Debug|Any CPU
		{B36EE749-9958-4854-A0A0-B371F99EB296}.Release|Any CPU.ActiveCfg = Release|Any CPU
		{B36EE749-9958-4854-A0A0-B371F99EB296}.Release|Any CPU.Build.0 = Release|Any CPU
		{17A10164-9A4D-482F-8DF7-0028DEA2ACA6}.Debug|Any CPU.ActiveCfg = Debug|Any CPU
		{17A10164-9A4D-482F-8DF7-0028DEA2ACA6}.Debug|Any CPU.Build.0 = Debug|Any CPU
		{17A10164-9A4D-482F-8DF7-0028DEA2ACA6}.Release|Any CPU.ActiveCfg = Release|Any CPU
		{17A10164-9A4D-482F-8DF7-0028DEA2ACA6}.Release|Any CPU.Build.0 = Release|Any CPU
		{31BE527D-7A24-4612-BA70-4EADB88942CC}.Debug|Any CPU.ActiveCfg = Debug|Any CPU
		{31BE527D-7A24-4612-BA70-4EADB88942CC}.Debug|Any CPU.Build.0 = Debug|Any CPU
		{31BE527D-7A24-4612-BA70-4EADB88942CC}.Release|Any CPU.ActiveCfg = Release|Any CPU
		{31BE527D-7A24-4612-BA70-4EADB88942CC}.Release|Any CPU.Build.0 = Release|Any CPU
		{16372255-41E8-4DC9-ADD3-AC716E7A2DBC}.Debug|Any CPU.ActiveCfg = Debug|Any CPU
		{16372255-41E8-4DC9-ADD3-AC716E7A2DBC}.Debug|Any CPU.Build.0 = Debug|Any CPU
		{16372255-41E8-4DC9-ADD3-AC716E7A2DBC}.Release|Any CPU.ActiveCfg = Release|Any CPU
		{16372255-41E8-4DC9-ADD3-AC716E7A2DBC}.Release|Any CPU.Build.0 = Release|Any CPU
	EndGlobalSection
	GlobalSection(SolutionProperties) = preSolution
		HideSolutionNode = FALSE
	EndGlobalSection
	GlobalSection(ExtensibilityGlobals) = postSolution
		SolutionGuid = {DE36A868-ECA0-45CA-B4F0-308409AC304E}
	EndGlobalSection
EndGlobal
